
Microsoft Visual Studio Solution File, Format Version 12.00
# Visual Studio Version 16
VisualStudioVersion = 16.0.31205.134
MinimumVisualStudioVersion = 10.0.40219.1
Project("{9A19103F-16F7-4668-BE54-9A1E7A4F7556}") = "MLDemoML.Model", "MLDemoML.Model\MLDemoML.Model.csproj", "{453B0F30-A7D0-4E1F-B764-6BEAFE485ACF}"
EndProject
Project("{9A19103F-16F7-4668-BE54-9A1E7A4F7556}") = "MLDemoML.ConsoleApp", "MLDemoML.ConsoleApp\MLDemoML.ConsoleApp.csproj", "{8DD162D4-2CB2-44C8-ACF1-4FAFC2746865}"
EndProject
Global
	GlobalSection(SolutionConfigurationPlatforms) = preSolution
		Debug|Any CPU = Debug|Any CPU
		Release|Any CPU = Release|Any CPU
	EndGlobalSection
	GlobalSection(ProjectConfigurationPlatforms) = postSolution
		{453B0F30-A7D0-4E1F-B764-6BEAFE485ACF}.Debug|Any CPU.ActiveCfg = Debug|Any CPU
		{453B0F30-A7D0-4E1F-B764-6BEAFE485ACF}.Debug|Any CPU.Build.0 = Debug|Any CPU
		{453B0F30-A7D0-4E1F-B764-6BEAFE485ACF}.Release|Any CPU.ActiveCfg = Release|Any CPU
		{453B0F30-A7D0-4E1F-B764-6BEAFE485ACF}.Release|Any CPU.Build.0 = Release|Any CPU
		{8DD162D4-2CB2-44C8-ACF1-4FAFC2746865}.Debug|Any CPU.ActiveCfg = Debug|Any CPU
		{8DD162D4-2CB2-44C8-ACF1-4FAFC2746865}.Debug|Any CPU.Build.0 = Debug|Any CPU
		{8DD162D4-2CB2-44C8-ACF1-4FAFC2746865}.Release|Any CPU.ActiveCfg = Release|Any CPU
		{8DD162D4-2CB2-44C8-ACF1-4FAFC2746865}.Release|Any CPU.Build.0 = Release|Any CPU
	EndGlobalSection
	GlobalSection(SolutionProperties) = preSolution
		HideSolutionNode = FALSE
	EndGlobalSection
	GlobalSection(ExtensibilityGlobals) = postSolution
		SolutionGuid = {91F38570-AD99-48B6-827F-50BB16673D7E}
	EndGlobalSection
EndGlobal
